
Microsoft Visual Studio Solution File, Format Version 12.00
# Visual Studio 14
VisualStudioVersion = 14.0.25420.1
MinimumVisualStudioVersion = 10.0.40219.1
Project("{FAE04EC0-301F-11D3-BF4B-00C04F79EFBC}") = "WebGISDataCheck", "WebGISDataCheck.csproj", "{591BCE7F-C369-4A9B-9FC7-7AF9E2EEBE71}"
EndProject
Project("{FAE04EC0-301F-11D3-BF4B-00C04F79EFBC}") = "PluginCore", "..\PluginCore\PluginCore.csproj", "{6CA13CB4-5F5A-4117-B4EE-DC0CB226E9F3}"
EndProject
Project("{FAE04EC0-301F-11D3-BF4B-00C04F79EFBC}") = "ReportPrinter", "..\ReportPrinter\ReportPrinter.csproj", "{77169C0A-7E41-406A-A0D6-0771FBD14CC9}"
EndProject
Project("{FAE04EC0-301F-11D3-BF4B-00C04F79EFBC}") = "DLGCheckLib", "..\DLGCheckLib\DLGCheckLib.csproj", "{675FB2B4-7812-49C3-871A-F1A312FCE65F}"
EndProject
Project("{FAE04EC0-301F-11D3-BF4B-00C04F79EFBC}") = "DatabaseDesignPlus", "..\DatabaseDesignPlus\DatabaseDesignPlus.csproj", "{B72A02C2-BF14-4232-8BCB-2F18AF5779B9}"
EndProject
Project("{FAE04EC0-301F-11D3-BF4B-00C04F79EFBC}") = "Authentication", "..\Authentication\Authentication.csproj", "{709ABE82-E234-4424-A7C3-43937D0A6FB4}"
EndProject
Project("{FAE04EC0-301F-11D3-BF4B-00C04F79EFBC}") = "AuthenticationService", "..\AuthenticationService\AuthenticationService.csproj", "{34D80938-ACC4-4946-871D-4D23577042A1}"
EndProject
Project("{FAE04EC0-301F-11D3-BF4B-00C04F79EFBC}") = "CSoftAutoUpdater", "..\CSoftAutoUpdater\CSoftAutoUpdater.csproj", "{547D29D0-2B79-4A59-9B63-322B85388BFC}"
EndProject
Global
	GlobalSection(SolutionConfigurationPlatforms) = preSolution
		Debug|Any CPU = Debug|Any CPU
		Release|Any CPU = Release|Any CPU
	EndGlobalSection
	GlobalSection(ProjectConfigurationPlatforms) = postSolution
		{591BCE7F-C369-4A9B-9FC7-7AF9E2EEBE71}.Debug|Any CPU.ActiveCfg = Debug|Any CPU
		{591BCE7F-C369-4A9B-9FC7-7AF9E2EEBE71}.Debug|Any CPU.Build.0 = Debug|Any CPU
		{591BCE7F-C369-4A9B-9FC7-7AF9E2EEBE71}.Release|Any CPU.ActiveCfg = Release|Any CPU
		{591BCE7F-C369-4A9B-9FC7-7AF9E2EEBE71}.Release|Any CPU.Build.0 = Release|Any CPU
		{6CA13CB4-5F5A-4117-B4EE-DC0CB226E9F3}.Debug|Any CPU.ActiveCfg = Debug|Any CPU
		{6CA13CB4-5F5A-4117-B4EE-DC0CB226E9F3}.Debug|Any CPU.Build.0 = Debug|Any CPU
		{6CA13CB4-5F5A-4117-B4EE-DC0CB226E9F3}.Release|Any CPU.ActiveCfg = Release|Any CPU
		{6CA13CB4-5F5A-4117-B4EE-DC0CB226E9F3}.Release|Any CPU.Build.0 = Release|Any CPU
		{77169C0A-7E41-406A-A0D6-0771FBD14CC9}.Debug|Any CPU.ActiveCfg = Debug|Any CPU
		{77169C0A-7E41-406A-A0D6-0771FBD14CC9}.Debug|Any CPU.Build.0 = Debug|Any CPU
		{77169C0A-7E41-406A-A0D6-0771FBD14CC9}.Release|Any CPU.ActiveCfg = Release|Any CPU
		{77169C0A-7E41-406A-A0D6-0771FBD14CC9}.Release|Any CPU.Build.0 = Release|Any CPU
		{675FB2B4-7812-49C3-871A-F1A312FCE65F}.Debug|Any CPU.ActiveCfg = Debug|Any CPU
		{675FB2B4-7812-49C3-871A-F1A312FCE65F}.Debug|Any CPU.Build.0 = Debug|Any CPU
		{675FB2B4-7812-49C3-871A-F1A312FCE65F}.Release|Any CPU.ActiveCfg = Release|Any CPU
		{675FB2B4-7812-49C3-871A-F1A312FCE65F}.Release|Any CPU.Build.0 = Release|Any CPU
		{B72A02C2-BF14-4232-8BCB-2F18AF5779B9}.Debug|Any CPU.ActiveCfg = Debug|Any CPU
		{B72A02C2-BF14-4232-8BCB-2F18AF5779B9}.Debug|Any CPU.Build.0 = Debug|Any CPU
		{B72A02C2-BF14-4232-8BCB-2F18AF5779B9}.Release|Any CPU.ActiveCfg = Release|Any CPU
		{B72A02C2-BF14-4232-8BCB-2F18AF5779B9}.Release|Any CPU.Build.0 = Release|Any CPU
		{709ABE82-E234-4424-A7C3-43937D0A6FB4}.Debug|Any CPU.ActiveCfg = Debug|Any CPU
		{709ABE82-E234-4424-A7C3-43937D0A6FB4}.Debug|Any CPU.Build.0 = Debug|Any CPU
		{709ABE82-E234-4424-A7C3-43937D0A6FB4}.Release|Any CPU.ActiveCfg = Release|Any CPU
		{709ABE82-E234-4424-A7C3-43937D0A6FB4}.Release|Any CPU.Build.0 = Release|Any CPU
		{34D80938-ACC4-4946-871D-4D23577042A1}.Debug|Any CPU.ActiveCfg = Debug|Any CPU
		{34D80938-ACC4-4946-871D-4D23577042A1}.Debug|Any CPU.Build.0 = Debug|Any CPU
		{34D80938-ACC4-4946-871D-4D23577042A1}.Release|Any CPU.ActiveCfg = Release|Any CPU
		{34D80938-ACC4-4946-871D-4D23577042A1}.Release|Any CPU.Build.0 = Release|Any CPU
		{547D29D0-2B79-4A59-9B63-322B85388BFC}.Debug|Any CPU.ActiveCfg = Debug|Any CPU
		{547D29D0-2B79-4A59-9B63-322B85388BFC}.Debug|Any CPU.Build.0 = Debug|Any CPU
		{547D29D0-2B79-4A59-9B63-322B85388BFC}.Release|Any CPU.ActiveCfg = Release|Any CPU
		{547D29D0-2B79-4A59-9B63-322B85388BFC}.Release|Any CPU.Build.0 = Release|Any CPU
	EndGlobalSection
	GlobalSection(SolutionProperties) = preSolution
		HideSolutionNode = FALSE
	EndGlobalSection
EndGlobal
